
Microsoft Visual Studio Solution File, Format Version 12.00
# Visual Studio Version 17
VisualStudioVersion = 17.9.34407.89
MinimumVisualStudioVersion = 10.0.40219.1
Project("{FAE04EC0-301F-11D3-BF4B-00C04F79EFBC}") = "console_appli", "console_appli\console_appli.csproj", "{752E324A-A1A8-46E9-A89C-AEC4CFC25A18}"
EndProject
Global
	GlobalSection(SolutionConfigurationPlatforms) = preSolution
		Debug|Any CPU = Debug|Any CPU
		Release|Any CPU = Release|Any CPU
	EndGlobalSection
	GlobalSection(ProjectConfigurationPlatforms) = postSolution
		{752E324A-A1A8-46E9-A89C-AEC4CFC25A18}.Debug|Any CPU.ActiveCfg = Debug|Any CPU
		{752E324A-A1A8-46E9-A89C-AEC4CFC25A18}.Debug|Any CPU.Build.0 = Debug|Any CPU
		{752E324A-A1A8-46E9-A89C-AEC4CFC25A18}.Release|Any CPU.ActiveCfg = Release|Any CPU
		{752E324A-A1A8-46E9-A89C-AEC4CFC25A18}.Release|Any CPU.Build.0 = Release|Any CPU
	EndGlobalSection
	GlobalSection(SolutionProperties) = preSolution
		HideSolutionNode = FALSE
	EndGlobalSection
	GlobalSection(ExtensibilityGlobals) = postSolution
		SolutionGuid = {F37B2A5C-BDAD-41FA-8412-5C6831DEC08C}
	EndGlobalSection
EndGlobal
